
Microsoft Visual Studio Solution File, Format Version 12.00
# Visual Studio 15
VisualStudioVersion = 15.0.27703.2000
MinimumVisualStudioVersion = 10.0.40219.1
Project("{FAE04EC0-301F-11D3-BF4B-00C04F79EFBC}") = "NavigationPage.Android", "NavigationPage\NavigationPage.Android\NavigationPage.Android.csproj", "{054D0B45-3768-481A-8C8D-C159C7AFF15D}"
EndProject
Project("{FAE04EC0-301F-11D3-BF4B-00C04F79EFBC}") = "NavigationPage.iOS", "NavigationPage\NavigationPage.iOS\NavigationPage.iOS.csproj", "{825F2BFD-50E1-4533-923E-FE0F53041432}"
EndProject
Project("{FAE04EC0-301F-11D3-BF4B-00C04F79EFBC}") = "NavigationPage", "NavigationPage\NavigationPage\NavigationPage.csproj", "{C19E3690-86B6-414C-B61E-C5EA416E3D9F}"
EndProject
Global
	GlobalSection(SolutionConfigurationPlatforms) = preSolution
		Ad-Hoc|Any CPU = Ad-Hoc|Any CPU
		Ad-Hoc|ARM = Ad-Hoc|ARM
		Ad-Hoc|iPhone = Ad-Hoc|iPhone
		Ad-Hoc|iPhoneSimulator = Ad-Hoc|iPhoneSimulator
		Ad-Hoc|x64 = Ad-Hoc|x64
		Ad-Hoc|x86 = Ad-Hoc|x86
		AppStore|Any CPU = AppStore|Any CPU
		AppStore|ARM = AppStore|ARM
		AppStore|iPhone = AppStore|iPhone
		AppStore|iPhoneSimulator = AppStore|iPhoneSimulator
		AppStore|x64 = AppStore|x64
		AppStore|x86 = AppStore|x86
		Debug|Any CPU = Debug|Any CPU
		Debug|ARM = Debug|ARM
		Debug|iPhone = Debug|iPhone
		Debug|iPhoneSimulator = Debug|iPhoneSimulator
		Debug|x64 = Debug|x64
		Debug|x86 = Debug|x86
		Release|Any CPU = Release|Any CPU
		Release|ARM = Release|ARM
		Release|iPhone = Release|iPhone
		Release|iPhoneSimulator = Release|iPhoneSimulator
		Release|x64 = Release|x64
		Release|x86 = Release|x86
	EndGlobalSection
	GlobalSection(ProjectConfigurationPlatforms) = postSolution
		{054D0B45-3768-481A-8C8D-C159C7AFF15D}.Ad-Hoc|Any CPU.ActiveCfg = Release|Any CPU
		{054D0B45-3768-481A-8C8D-C159C7AFF15D}.Ad-Hoc|Any CPU.Build.0 = Release|Any CPU
		{054D0B45-3768-481A-8C8D-C159C7AFF15D}.Ad-Hoc|Any CPU.Deploy.0 = Release|Any CPU
		{054D0B45-3768-481A-8C8D-C159C7AFF15D}.Ad-Hoc|ARM.ActiveCfg = Release|Any CPU
		{054D0B45-3768-481A-8C8D-C159C7AFF15D}.Ad-Hoc|ARM.Build.0 = Release|Any CPU
		{054D0B45-3768-481A-8C8D-C159C7AFF15D}.Ad-Hoc|ARM.Deploy.0 = Release|Any CPU
		{054D0B45-3768-481A-8C8D-C159C7AFF15D}.Ad-Hoc|iPhone.ActiveCfg = Release|Any CPU
		{054D0B45-3768-481A-8C8D-C159C7AFF15D}.Ad-Hoc|iPhone.Build.0 = Release|Any CPU
		{054D0B45-3768-481A-8C8D-C159C7AFF15D}.Ad-Hoc|iPhone.Deploy.0 = Release|Any CPU
		{054D0B45-3768-481A-8C8D-C159C7AFF15D}.Ad-Hoc|iPhoneSimulator.ActiveCfg = Release|Any CPU
		{054D0B45-3768-481A-8C8D-C159C7AFF15D}.Ad-Hoc|iPhoneSimulator.Build.0 = Release|Any CPU
		{054D0B45-3768-481A-8C8D-C159C7AFF15D}.Ad-Hoc|iPhoneSimulator.Deploy.0 = Release|Any CPU
		{054D0B45-3768-481A-8C8D-C159C7AFF15D}.Ad-Hoc|x64.ActiveCfg = Release|Any CPU
		{054D0B45-3768-481A-8C8D-C159C7AFF15D}.Ad-Hoc|x64.Build.0 = Release|Any CPU
		{054D0B45-3768-481A-8C8D-C159C7AFF15D}.Ad-Hoc|x64.Deploy.0 = Release|Any CPU
		{054D0B45-3768-481A-8C8D-C159C7AFF15D}.Ad-Hoc|x86.ActiveCfg = Release|Any CPU
		{054D0B45-3768-481A-8C8D-C159C7AFF15D}.Ad-Hoc|x86.Build.0 = Release|Any CPU
		{054D0B45-3768-481A-8C8D-C159C7AFF15D}.Ad-Hoc|x86.Deploy.0 = Release|Any CPU
		{054D0B45-3768-481A-8C8D-C159C7AFF15D}.AppStore|Any CPU.ActiveCfg = Release|Any CPU
		{054D0B45-3768-481A-8C8D-C159C7AFF15D}.AppStore|Any CPU.Build.0 = Release|Any CPU
		{054D0B45-3768-481A-8C8D-C159C7AFF15D}.AppStore|Any CPU.Deploy.0 = Release|Any CPU
		{054D0B45-3768-481A-8C8D-C159C7AFF15D}.AppStore|ARM.ActiveCfg = Release|Any CPU
		{054D0B45-3768-481A-8C8D-C159C7AFF15D}.AppStore|ARM.Build.0 = Release|Any CPU
		{054D0B45-3768-481A-8C8D-C159C7AFF15D}.AppStore|ARM.Deploy.0 = Release|Any CPU
		{054D0B45-3768-481A-8C8D-C159C7AFF15D}.AppStore|iPhone.ActiveCfg = Release|Any CPU
		{054D0B45-3768-481A-8C8D-C159C7AFF15D}.AppStore|iPhone.Build.0 = Release|Any CPU
		{054D0B45-3768-481A-8C8D-C159C7AFF15D}.AppStore|iPhone.Deploy.0 = Release|Any CPU
		{054D0B45-3768-481A-8C8D-C159C7AFF15D}.AppStore|iPhoneSimulator.ActiveCfg = Release|Any CPU
		{054D0B45-3768-481A-8C8D-C159C7AFF15D}.AppStore|iPhoneSimulator.Build.0 = Release|Any CPU
		{054D0B45-3768-481A-8C8D-C159C7AFF15D}.AppStore|iPhoneSimulator.Deploy.0 = Release|Any CPU
		{054D0B45-3768-481A-8C8D-C159C7AFF15D}.AppStore|x64.ActiveCfg = Release|Any CPU
		{054D0B45-3768-481A-8C8D-C159C7AFF15D}.AppStore|x64.Build.0 = Release|Any CPU
		{054D0B45-3768-481A-8C8D-C159C7AFF15D}.AppStore|x64.Deploy.0 = Release|Any CPU
		{054D0B45-3768-481A-8C8D-C159C7AFF15D}.AppStore|x86.ActiveCfg = Release|Any CPU
		{054D0B45-3768-481A-8C8D-C159C7AFF15D}.AppStore|x86.Build.0 = Release|Any CPU
		{054D0B45-3768-481A-8C8D-C159C7AFF15D}.AppStore|x86.Deploy.0 = Release|Any CPU
		{054D0B45-3768-481A-8C8D-C159C7AFF15D}.Debug|Any CPU.ActiveCfg = Debug|Any CPU
		{054D0B45-3768-481A-8C8D-C159C7AFF15D}.Debug|Any CPU.Build.0 = Debug|Any CPU
		{054D0B45-3768-481A-8C8D-C159C7AFF15D}.Debug|Any CPU.Deploy.0 = Debug|Any CPU
		{054D0B45-3768-481A-8C8D-C159C7AFF15D}.Debug|ARM.ActiveCfg = Debug|Any CPU
		{054D0B45-3768-481A-8C8D-C159C7AFF15D}.Debug|ARM.Build.0 = Debug|Any CPU
		{054D0B45-3768-481A-8C8D-C159C7AFF15D}.Debug|ARM.Deploy.0 = Debug|Any CPU
		{054D0B45-3768-481A-8C8D-C159C7AFF15D}.Debug|iPhone.ActiveCfg = Debug|Any CPU
		{054D0B45-3768-481A-8C8D-C159C7AFF15D}.Debug|iPhone.Build.0 = Debug|Any CPU
		{054D0B45-3768-481A-8C8D-C159C7AFF15D}.Debug|iPhone.Deploy.0 = Debug|Any CPU
		{054D0B45-3768-481A-8C8D-C159C7AFF15D}.Debug|iPhoneSimulator.ActiveCfg = Debug|Any CPU
		{054D0B45-3768-481A-8C8D-C159C7AFF15D}.Debug|iPhoneSimulator.Build.0 = Debug|Any CPU
		{054D0B45-3768-481A-8C8D-C159C7AFF15D}.Debug|iPhoneSimulator.Deploy.0 = Debug|Any CPU
		{054D0B45-3768-481A-8C8D-C159C7AFF15D}.Debug|x64.ActiveCfg = Debug|Any CPU
		{054D0B45-3768-481A-8C8D-C159C7AFF15D}.Debug|x64.Build.0 = Debug|Any CPU
		{054D0B45-3768-481A-8C8D-C159C7AFF15D}.Debug|x64.Deploy.0 = Debug|Any CPU
		{054D0B45-3768-481A-8C8D-C159C7AFF15D}.Debug|x86.ActiveCfg = Debug|Any CPU
		{054D0B45-3768-481A-8C8D-C159C7AFF15D}.Debug|x86.Build.0 = Debug|Any CPU
		{054D0B45-3768-481A-8C8D-C159C7AFF15D}.Debug|x86.Deploy.0 = Debug|Any CPU
		{054D0B45-3768-481A-8C8D-C159C7AFF15D}.Release|Any CPU.ActiveCfg = Release|Any CPU
		{054D0B45-3768-481A-8C8D-C159C7AFF15D}.Release|Any CPU.Build.0 = Release|Any CPU
		{054D0B45-3768-481A-8C8D-C159C7AFF15D}.Release|Any CPU.Deploy.0 = Release|Any CPU
		{054D0B45-3768-481A-8C8D-C159C7AFF15D}.Release|ARM.ActiveCfg = Release|Any CPU
		{054D0B45-3768-481A-8C8D-C159C7AFF15D}.Release|ARM.Build.0 = Release|Any CPU
		{054D0B45-3768-481A-8C8D-C159C7AFF15D}.Release|ARM.Deploy.0 = Release|Any CPU
		{054D0B45-3768-481A-8C8D-C159C7AFF15D}.Release|iPhone.ActiveCfg = Release|Any CPU
		{054D0B45-3768-481A-8C8D-C159C7AFF15D}.Release|iPhone.Build.0 = Release|Any CPU
		{054D0B45-3768-481A-8C8D-C159C7AFF15D}.Release|iPhone.Deploy.0 = Release|Any CPU
		{054D0B45-3768-481A-8C8D-C159C7AFF15D}.Release|iPhoneSimulator.ActiveCfg = Release|Any CPU
		{054D0B45-3768-481A-8C8D-C159C7AFF15D}.Release|iPhoneSimulator.Build.0 = Release|Any CPU
		{054D0B45-3768-481A-8C8D-C159C7AFF15D}.Release|iPhoneSimulator.Deploy.0 = Release|Any CPU
		{054D0B45-3768-481A-8C8D-C159C7AFF15D}.Release|x64.ActiveCfg = Release|Any CPU
		{054D0B45-3768-481A-8C8D-C159C7AFF15D}.Release|x64.Build.0 = Release|Any CPU
		{054D0B45-3768-481A-8C8D-C159C7AFF15D}.Release|x64.Deploy.0 = Release|Any CPU
		{054D0B45-3768-481A-8C8D-C159C7AFF15D}.Release|x86.ActiveCfg = Release|Any CPU
		{054D0B45-3768-481A-8C8D-C159C7AFF15D}.Release|x86.Build.0 = Release|Any CPU
		{054D0B45-3768-481A-8C8D-C159C7AFF15D}.Release|x86.Deploy.0 = Release|Any CPU
		{825F2BFD-50E1-4533-923E-FE0F53041432}.Ad-Hoc|Any CPU.ActiveCfg = Ad-Hoc|iPhone
		{825F2BFD-50E1-4533-923E-FE0F53041432}.Ad-Hoc|Any CPU.Build.0 = Ad-Hoc|iPhone
		{825F2BFD-50E1-4533-923E-FE0F53041432}.Ad-Hoc|Any CPU.Deploy.0 = Ad-Hoc|iPhone
		{825F2BFD-50E1-4533-923E-FE0F53041432}.Ad-Hoc|ARM.ActiveCfg = Ad-Hoc|iPhone
		{825F2BFD-50E1-4533-923E-FE0F53041432}.Ad-Hoc|ARM.Build.0 = Ad-Hoc|iPhone
		{825F2BFD-50E1-4533-923E-FE0F53041432}.Ad-Hoc|ARM.Deploy.0 = Ad-Hoc|iPhone
		{825F2BFD-50E1-4533-923E-FE0F53041432}.Ad-Hoc|iPhone.ActiveCfg = Ad-Hoc|iPhone
		{825F2BFD-50E1-4533-923E-FE0F53041432}.Ad-Hoc|iPhone.Build.0 = Ad-Hoc|iPhone
		{825F2BFD-50E1-4533-923E-FE0F53041432}.Ad-Hoc|iPhone.Deploy.0 = Ad-Hoc|iPhone
		{825F2BFD-50E1-4533-923E-FE0F53041432}.Ad-Hoc|iPhoneSimulator.ActiveCfg = Ad-Hoc|iPhoneSimulator
		{825F2BFD-50E1-4533-923E-FE0F53041432}.Ad-Hoc|iPhoneSimulator.Build.0 = Ad-Hoc|iPhoneSimulator
		{825F2BFD-50E1-4533-923E-FE0F53041432}.Ad-Hoc|iPhoneSimulator.Deploy.0 = Ad-Hoc|iPhoneSimulator
		{825F2BFD-50E1-4533-923E-FE0F53041432}.Ad-Hoc|x64.ActiveCfg = Ad-Hoc|iPhone
		{825F2BFD-50E1-4533-923E-FE0F53041432}.Ad-Hoc|x64.Build.0 = Ad-Hoc|iPhone
		{825F2BFD-50E1-4533-923E-FE0F53041432}.Ad-Hoc|x64.Deploy.0 = Ad-Hoc|iPhone
		{825F2BFD-50E1-4533-923E-FE0F53041432}.Ad-Hoc|x86.ActiveCfg = Ad-Hoc|iPhone
		{825F2BFD-50E1-4533-923E-FE0F53041432}.Ad-Hoc|x86.Build.0 = Ad-Hoc|iPhone
		{825F2BFD-50E1-4533-923E-FE0F53041432}.Ad-Hoc|x86.Deploy.0 = Ad-Hoc|iPhone
		{825F2BFD-50E1-4533-923E-FE0F53041432}.AppStore|Any CPU.ActiveCfg = AppStore|iPhone
		{825F2BFD-50E1-4533-923E-FE0F53041432}.AppStore|Any CPU.Build.0 = AppStore|iPhone
		{825F2BFD-50E1-4533-923E-FE0F53041432}.AppStore|Any CPU.Deploy.0 = AppStore|iPhone
		{825F2BFD-50E1-4533-923E-FE0F53041432}.AppStore|ARM.ActiveCfg = AppStore|iPhone
		{825F2BFD-50E1-4533-923E-FE0F53041432}.AppStore|ARM.Build.0 = AppStore|iPhone
		{825F2BFD-50E1-4533-923E-FE0F53041432}.AppStore|ARM.Deploy.0 = AppStore|iPhone
		{825F2BFD-50E1-4533-923E-FE0F53041432}.AppStore|iPhone.ActiveCfg = AppStore|iPhone
		{825F2BFD-50E1-4533-923E-FE0F53041432}.AppStore|iPhone.Build.0 = AppStore|iPhone
		{825F2BFD-50E1-4533-923E-FE0F53041432}.AppStore|iPhone.Deploy.0 = AppStore|iPhone
		{825F2BFD-50E1-4533-923E-FE0F53041432}.AppStore|iPhoneSimulator.ActiveCfg = AppStore|iPhoneSimulator
		{825F2BFD-50E1-4533-923E-FE0F53041432}.AppStore|iPhoneSimulator.Build.0 = AppStore|iPhoneSimulator
		{825F2BFD-50E1-4533-923E-FE0F53041432}.AppStore|iPhoneSimulator.Deploy.0 = AppStore|iPhoneSimulator
		{825F2BFD-50E1-4533-923E-FE0F53041432}.AppStore|x64.ActiveCfg = AppStore|iPhone
		{825F2BFD-50E1-4533-923E-FE0F53041432}.AppStore|x64.Build.0 = AppStore|iPhone
		{825F2BFD-50E1-4533-923E-FE0F53041432}.AppStore|x64.Deploy.0 = AppStore|iPhone
		{825F2BFD-50E1-4533-923E-FE0F53041432}.AppStore|x86.ActiveCfg = AppStore|iPhone
		{825F2BFD-50E1-4533-923E-FE0F53041432}.AppStore|x86.Build.0 = AppStore|iPhone
		{825F2BFD-50E1-4533-923E-FE0F53041432}.AppStore|x86.Deploy.0 = AppStore|iPhone
		{825F2BFD-50E1-4533-923E-FE0F53041432}.Debug|Any CPU.ActiveCfg = Debug|iPhoneSimulator
		{825F2BFD-50E1-4533-923E-FE0F53041432}.Debug|Any CPU.Build.0 = Debug|iPhoneSimulator
		{825F2BFD-50E1-4533-923E-FE0F53041432}.Debug|Any CPU.Deploy.0 = Debug|iPhoneSimulator
		{825F2BFD-50E1-4533-923E-FE0F53041432}.Debug|ARM.ActiveCfg = Debug|iPhone
		{825F2BFD-50E1-4533-923E-FE0F53041432}.Debug|ARM.Build.0 = Debug|iPhone
		{825F2BFD-50E1-4533-923E-FE0F53041432}.Debug|ARM.Deploy.0 = Debug|iPhone
		{825F2BFD-50E1-4533-923E-FE0F53041432}.Debug|iPhone.ActiveCfg = Debug|iPhone
		{825F2BFD-50E1-4533-923E-FE0F53041432}.Debug|iPhone.Build.0 = Debug|iPhone
		{825F2BFD-50E1-4533-923E-FE0F53041432}.Debug|iPhone.Deploy.0 = Debug|iPhone
		{825F2BFD-50E1-4533-923E-FE0F53041432}.Debug|iPhoneSimulator.ActiveCfg = Debug|iPhoneSimulator
		{825F2BFD-50E1-4533-923E-FE0F53041432}.Debug|iPhoneSimulator.Build.0 = Debug|iPhoneSimulator
		{825F2BFD-50E1-4533-923E-FE0F53041432}.Debug|iPhoneSimulator.Deploy.0 = Debug|iPhoneSimulator
		{825F2BFD-50E1-4533-923E-FE0F53041432}.Debug|x64.ActiveCfg = Debug|iPhone
		{825F2BFD-50E1-4533-923E-FE0F53041432}.Debug|x64.Build.0 = Debug|iPhone
		{825F2BFD-50E1-4533-923E-FE0F53041432}.Debug|x64.Deploy.0 = Debug|iPhone
		{825F2BFD-50E1-4533-923E-FE0F53041432}.Debug|x86.ActiveCfg = Debug|iPhone
		{825F2BFD-50E1-4533-923E-FE0F53041432}.Debug|x86.Build.0 = Debug|iPhone
		{825F2BFD-50E1-4533-923E-FE0F53041432}.Debug|x86.Deploy.0 = Debug|iPhone
		{825F2BFD-50E1-4533-923E-FE0F53041432}.Release|Any CPU.ActiveCfg = Release|iPhone
		{825F2BFD-50E1-4533-923E-FE0F53041432}.Release|Any CPU.Build.0 = Release|iPhone
		{825F2BFD-50E1-4533-923E-FE0F53041432}.Release|Any CPU.Deploy.0 = Release|iPhone
		{825F2BFD-50E1-4533-923E-FE0F53041432}.Release|ARM.ActiveCfg = Release|iPhone
		{825F2BFD-50E1-4533-923E-FE0F53041432}.Release|ARM.Build.0 = Release|iPhone
		{825F2BFD-50E1-4533-923E-FE0F53041432}.Release|ARM.Deploy.0 = Release|iPhone
		{825F2BFD-50E1-4533-923E-FE0F53041432}.Release|iPhone.ActiveCfg = Release|iPhone
		{825F2BFD-50E1-4533-923E-FE0F53041432}.Release|iPhone.Build.0 = Release|iPhone
		{825F2BFD-50E1-4533-923E-FE0F53041432}.Release|iPhone.Deploy.0 = Release|iPhone
		{825F2BFD-50E1-4533-923E-FE0F53041432}.Release|iPhoneSimulator.ActiveCfg = Release|iPhoneSimulator
		{825F2BFD-50E1-4533-923E-FE0F53041432}.Release|iPhoneSimulator.Build.0 = Release|iPhoneSimulator
		{825F2BFD-50E1-4533-923E-FE0F53041432}.Release|iPhoneSimulator.Deploy.0 = Release|iPhoneSimulator
		{825F2BFD-50E1-4533-923E-FE0F53041432}.Release|x64.ActiveCfg = Release|iPhone
		{825F2BFD-50E1-4533-923E-FE0F53041432}.Release|x64.Build.0 = Release|iPhone
		{825F2BFD-50E1-4533-923E-FE0F53041432}.Release|x64.Deploy.0 = Release|iPhone
		{825F2BFD-50E1-4533-923E-FE0F53041432}.Release|x86.ActiveCfg = Release|iPhone
		{825F2BFD-50E1-4533-923E-FE0F53041432}.Release|x86.Build.0 = Release|iPhone
		{825F2BFD-50E1-4533-923E-FE0F53041432}.Release|x86.Deploy.0 = Release|iPhone
		{C19E3690-86B6-414C-B61E-C5EA416E3D9F}.Ad-Hoc|Any CPU.ActiveCfg = Debug|Any CPU
		{C19E3690-86B6-414C-B61E-C5EA416E3D9F}.Ad-Hoc|Any CPU.Build.0 = Debug|Any CPU
		{C19E3690-86B6-414C-B61E-C5EA416E3D9F}.Ad-Hoc|Any CPU.Deploy.0 = Debug|Any CPU
		{C19E3690-86B6-414C-B61E-C5EA416E3D9F}.Ad-Hoc|ARM.ActiveCfg = Debug|Any CPU
		{C19E3690-86B6-414C-B61E-C5EA416E3D9F}.Ad-Hoc|ARM.Build.0 = Debug|Any CPU
		{C19E3690-86B6-414C-B61E-C5EA416E3D9F}.Ad-Hoc|ARM.Deploy.0 = Debug|Any CPU
		{C19E3690-86B6-414C-B61E-C5EA416E3D9F}.Ad-Hoc|iPhone.ActiveCfg = Debug|Any CPU
		{C19E3690-86B6-414C-B61E-C5EA416E3D9F}.Ad-Hoc|iPhone.Build.0 = Debug|Any CPU
		{C19E3690-86B6-414C-B61E-C5EA416E3D9F}.Ad-Hoc|iPhone.Deploy.0 = Debug|Any CPU
		{C19E3690-86B6-414C-B61E-C5EA416E3D9F}.Ad-Hoc|iPhoneSimulator.ActiveCfg = Debug|Any CPU
		{C19E3690-86B6-414C-B61E-C5EA416E3D9F}.Ad-Hoc|iPhoneSimulator.Build.0 = Debug|Any CPU
		{C19E3690-86B6-414C-B61E-C5EA416E3D9F}.Ad-Hoc|iPhoneSimulator.Deploy.0 = Debug|Any CPU
		{C19E3690-86B6-414C-B61E-C5EA416E3D9F}.Ad-Hoc|x64.ActiveCfg = Debug|Any CPU
		{C19E3690-86B6-414C-B61E-C5EA416E3D9F}.Ad-Hoc|x64.Build.0 = Debug|Any CPU
		{C19E3690-86B6-414C-B61E-C5EA416E3D9F}.Ad-Hoc|x64.Deploy.0 = Debug|Any CPU
		{C19E3690-86B6-414C-B61E-C5EA416E3D9F}.Ad-Hoc|x86.ActiveCfg = Debug|Any CPU
		{C19E3690-86B6-414C-B61E-C5EA416E3D9F}.Ad-Hoc|x86.Build.0 = Debug|Any CPU
		{C19E3690-86B6-414C-B61E-C5EA416E3D9F}.Ad-Hoc|x86.Deploy.0 = Debug|Any CPU
		{C19E3690-86B6-414C-B61E-C5EA416E3D9F}.AppStore|Any CPU.ActiveCfg = Debug|Any CPU
		{C19E3690-86B6-414C-B61E-C5EA416E3D9F}.AppStore|Any CPU.Build.0 = Debug|Any CPU
		{C19E3690-86B6-414C-B61E-C5EA416E3D9F}.AppStore|Any CPU.Deploy.0 = Debug|Any CPU
		{C19E3690-86B6-414C-B61E-C5EA416E3D9F}.AppStore|ARM.ActiveCfg = Debug|Any CPU
		{C19E3690-86B6-414C-B61E-C5EA416E3D9F}.AppStore|ARM.Build.0 = Debug|Any CPU
		{C19E3690-86B6-414C-B61E-C5EA416E3D9F}.AppStore|ARM.Deploy.0 = Debug|Any CPU
		{C19E3690-86B6-414C-B61E-C5EA416E3D9F}.AppStore|iPhone.ActiveCfg = Debug|Any CPU
		{C19E3690-86B6-414C-B61E-C5EA416E3D9F}.AppStore|iPhone.Build.0 = Debug|Any CPU
		{C19E3690-86B6-414C-B61E-C5EA416E3D9F}.AppStore|iPhone.Deploy.0 = Debug|Any CPU
		{C19E3690-86B6-414C-B61E-C5EA416E3D9F}.AppStore|iPhoneSimulator.ActiveCfg = Debug|Any CPU
		{C19E3690-86B6-414C-B61E-C5EA416E3D9F}.AppStore|iPhoneSimulator.Build.0 = Debug|Any CPU
		{C19E3690-86B6-414C-B61E-C5EA416E3D9F}.AppStore|iPhoneSimulator.Deploy.0 = Debug|Any CPU
		{C19E3690-86B6-414C-B61E-C5EA416E3D9F}.AppStore|x64.ActiveCfg = Debug|Any CPU
		{C19E3690-86B6-414C-B61E-C5EA416E3D9F}.AppStore|x64.Build.0 = Debug|Any CPU
		{C19E3690-86B6-414C-B61E-C5EA416E3D9F}.AppStore|x64.Deploy.0 = Debug|Any CPU
		{C19E3690-86B6-414C-B61E-C5EA416E3D9F}.AppStore|x86.ActiveCfg = Debug|Any CPU
		{C19E3690-86B6-414C-B61E-C5EA416E3D9F}.AppStore|x86.Build.0 = Debug|Any CPU
		{C19E3690-86B6-414C-B61E-C5EA416E3D9F}.AppStore|x86.Deploy.0 = Debug|Any CPU
		{C19E3690-86B6-414C-B61E-C5EA416E3D9F}.Debug|Any CPU.ActiveCfg = Debug|Any CPU
		{C19E3690-86B6-414C-B61E-C5EA416E3D9F}.Debug|Any CPU.Build.0 = Debug|Any CPU
		{C19E3690-86B6-414C-B61E-C5EA416E3D9F}.Debug|Any CPU.Deploy.0 = Debug|Any CPU
		{C19E3690-86B6-414C-B61E-C5EA416E3D9F}.Debug|ARM.ActiveCfg = Debug|Any CPU
		{C19E3690-86B6-414C-B61E-C5EA416E3D9F}.Debug|ARM.Build.0 = Debug|Any CPU
		{C19E3690-86B6-414C-B61E-C5EA416E3D9F}.Debug|ARM.Deploy.0 = Debug|Any CPU
		{C19E3690-86B6-414C-B61E-C5EA416E3D9F}.Debug|iPhone.ActiveCfg = Debug|Any CPU
		{C19E3690-86B6-414C-B61E-C5EA416E3D9F}.Debug|iPhone.Build.0 = Debug|Any CPU
		{C19E3690-86B6-414C-B61E-C5EA416E3D9F}.Debug|iPhone.Deploy.0 = Debug|Any CPU
		{C19E3690-86B6-414C-B61E-C5EA416E3D9F}.Debug|iPhoneSimulator.ActiveCfg = Debug|Any CPU
		{C19E3690-86B6-414C-B61E-C5EA416E3D9F}.Debug|iPhoneSimulator.Build.0 = Debug|Any CPU
		{C19E3690-86B6-414C-B61E-C5EA416E3D9F}.Debug|iPhoneSimulator.Deploy.0 = Debug|Any CPU
		{C19E3690-86B6-414C-B61E-C5EA416E3D9F}.Debug|x64.ActiveCfg = Debug|Any CPU
		{C19E3690-86B6-414C-B61E-C5EA416E3D9F}.Debug|x64.Build.0 = Debug|Any CPU
		{C19E3690-86B6-414C-B61E-C5EA416E3D9F}.Debug|x64.Deploy.0 = Debug|Any CPU
		{C19E3690-86B6-414C-B61E-C5EA416E3D9F}.Debug|x86.ActiveCfg = Debug|Any CPU
		{C19E3690-86B6-414C-B61E-C5EA416E3D9F}.Debug|x86.Build.0 = Debug|Any CPU
		{C19E3690-86B6-414C-B61E-C5EA416E3D9F}.Debug|x86.Deploy.0 = Debug|Any CPU
		{C19E3690-86B6-414C-B61E-C5EA416E3D9F}.Release|Any CPU.ActiveCfg = Release|Any CPU
		{C19E3690-86B6-414C-B61E-C5EA416E3D9F}.Release|Any CPU.Build.0 = Release|Any CPU
		{C19E3690-86B6-414C-B61E-C5EA416E3D9F}.Release|Any CPU.Deploy.0 = Release|Any CPU
		{C19E3690-86B6-414C-B61E-C5EA416E3D9F}.Release|ARM.ActiveCfg = Release|Any CPU
		{C19E3690-86B6-414C-B61E-C5EA416E3D9F}.Release|ARM.Build.0 = Release|Any CPU
		{C19E3690-86B6-414C-B61E-C5EA416E3D9F}.Release|ARM.Deploy.0 = Release|Any CPU
		{C19E3690-86B6-414C-B61E-C5EA416E3D9F}.Release|iPhone.ActiveCfg = Release|Any CPU
		{C19E3690-86B6-414C-B61E-C5EA416E3D9F}.Release|iPhone.Build.0 = Release|Any CPU
		{C19E3690-86B6-414C-B61E-C5EA416E3D9F}.Release|iPhone.Deploy.0 = Release|Any CPU
		{C19E3690-86B6-414C-B61E-C5EA416E3D9F}.Release|iPhoneSimulator.ActiveCfg = Release|Any CPU
		{C19E3690-86B6-414C-B61E-C5EA416E3D9F}.Release|iPhoneSimulator.Build.0 = Release|Any CPU
		{C19E3690-86B6-414C-B61E-C5EA416E3D9F}.Release|iPhoneSimulator.Deploy.0 = Release|Any CPU
		{C19E3690-86B6-414C-B61E-C5EA416E3D9F}.Release|x64.ActiveCfg = Release|Any CPU
		{C19E3690-86B6-414C-B61E-C5EA416E3D9F}.Release|x64.Build.0 = Release|Any CPU
		{C19E3690-86B6-414C-B61E-C5EA416E3D9F}.Release|x64.Deploy.0 = Release|Any CPU
		{C19E3690-86B6-414C-B61E-C5EA416E3D9F}.Release|x86.ActiveCfg = Release|Any CPU
		{C19E3690-86B6-414C-B61E-C5EA416E3D9F}.Release|x86.Build.0 = Release|Any CPU
		{C19E3690-86B6-414C-B61E-C5EA416E3D9F}.Release|x86.Deploy.0 = Release|Any CPU
	EndGlobalSection
	GlobalSection(SolutionProperties) = preSolution
		HideSolutionNode = FALSE
	EndGlobalSection
	GlobalSection(ExtensibilityGlobals) = postSolution
		SolutionGuid = {C2447D19-C758-4945-B632-A44DE84B1950}
	EndGlobalSection
EndGlobal
